
Microsoft Visual Studio Solution File, Format Version 12.00
# Visual Studio Version 16
VisualStudioVersion = 16.0.30011.22
MinimumVisualStudioVersion = 10.0.40219.1
Project("{FAE04EC0-301F-11D3-BF4B-00C04F79EFBC}") = "DynamicIL", "DynamicIL\DynamicIL.csproj", "{1A73EA3E-1DC2-42F4-A9E1-5B79C69619BF}"
EndProject
Global
	GlobalSection(SolutionConfigurationPlatforms) = preSolution
		Debug|Any CPU = Debug|Any CPU
		Release|Any CPU = Release|Any CPU
	EndGlobalSection
	GlobalSection(ProjectConfigurationPlatforms) = postSolution
		{1A73EA3E-1DC2-42F4-A9E1-5B79C69619BF}.Debug|Any CPU.ActiveCfg = Debug|Any CPU
		{1A73EA3E-1DC2-42F4-A9E1-5B79C69619BF}.Debug|Any CPU.Build.0 = Debug|Any CPU
		{1A73EA3E-1DC2-42F4-A9E1-5B79C69619BF}.Release|Any CPU.ActiveCfg = Release|Any CPU
		{1A73EA3E-1DC2-42F4-A9E1-5B79C69619BF}.Release|Any CPU.Build.0 = Release|Any CPU
	EndGlobalSection
	GlobalSection(SolutionProperties) = preSolution
		HideSolutionNode = FALSE
	EndGlobalSection
	GlobalSection(ExtensibilityGlobals) = postSolution
		SolutionGuid = {3486BCAE-4B1F-4A15-8296-A4B3B80E12CB}
	EndGlobalSection
EndGlobal
